// !$*UTF8*$!
{
	archiveVersion = 1;
	classes = {
	};
	objectVersion = 52;
	objects = {

/* Begin PBXBuildFile section */
		471611B4237A1CF2001D5D63 /* ExpensesModel.swift in Sources */ = {isa = PBXBuildFile; fileRef = 471611B3237A1CF1001D5D63 /* ExpensesModel.swift */; };
		47BD6004237A43A900BE7C80 /* TableViewCell.swift in Sources */ = {isa = PBXBuildFile; fileRef = 47BD6002237A43A900BE7C80 /* TableViewCell.swift */; };
		47BD6005237A43A900BE7C80 /* TableViewCell.xib in Resources */ = {isa = PBXBuildFile; fileRef = 47BD6003237A43A900BE7C80 /* TableViewCell.xib */; };
		47EA8A35237912FC003EA7D9 /* AppDelegate.swift in Sources */ = {isa = PBXBuildFile; fileRef = 47EA8A34237912FC003EA7D9 /* AppDelegate.swift */; };
		47EA8A37237912FC003EA7D9 /* SceneDelegate.swift in Sources */ = {isa = PBXBuildFile; fileRef = 47EA8A36237912FC003EA7D9 /* SceneDelegate.swift */; };
		47EA8A39237912FC003EA7D9 /* HBController.swift in Sources */ = {isa = PBXBuildFile; fileRef = 47EA8A38237912FC003EA7D9 /* HBController.swift */; };
		47EA8A3C237912FC003EA7D9 /* Main.storyboard in Resources */ = {isa = PBXBuildFile; fileRef = 47EA8A3A237912FC003EA7D9 /* Main.storyboard */; };
		47EA8A3E237912FC003EA7D9 /* Assets.xcassets in Resources */ = {isa = PBXBuildFile; fileRef = 47EA8A3D237912FC003EA7D9 /* Assets.xcassets */; };
		47EA8A41237912FC003EA7D9 /* LaunchScreen.storyboard in Resources */ = {isa = PBXBuildFile; fileRef = 47EA8A3F237912FC003EA7D9 /* LaunchScreen.storyboard */; };
		5239734B244AD9B100EBA0EB /* IQKeyboardManagerSwift in Frameworks */ = {isa = PBXBuildFile; productRef = 5239734A244AD9B100EBA0EB /* IQKeyboardManagerSwift */; };
		5239734F2450491400EBA0EB /* BenefitsTVCell.swift in Sources */ = {isa = PBXBuildFile; fileRef = 5239734E2450491400EBA0EB /* BenefitsTVCell.swift */; };
		523973512450496100EBA0EB /* BenefitsTVCell.xib in Resources */ = {isa = PBXBuildFile; fileRef = 523973502450496100EBA0EB /* BenefitsTVCell.xib */; };
		523DF53D2411D633006D6E01 /* UWButton.swift in Sources */ = {isa = PBXBuildFile; fileRef = 52589AC9240EF7B200B15881 /* UWButton.swift */; };
		52417FA3245AB36400368B0A /* BenefitDetailController.swift in Sources */ = {isa = PBXBuildFile; fileRef = 52417FA2245AB36400368B0A /* BenefitDetailController.swift */; };
		524A24162446B7E700D1653B /* BenefitModel.swift in Sources */ = {isa = PBXBuildFile; fileRef = 524A24152446B7E700D1653B /* BenefitModel.swift */; };
		524A241824480CE800D1653B /* BKController.swift in Sources */ = {isa = PBXBuildFile; fileRef = 524A241724480CE800D1653B /* BKController.swift */; };
		52EC8CAC2411DA87008ED795 /* BKControllerOld.swift in Sources */ = {isa = PBXBuildFile; fileRef = 52EC8CAB2411DA87008ED795 /* BKControllerOld.swift */; };
		52EF97E42405E59D00B9E6BF /* iOSDropDown.swift in Sources */ = {isa = PBXBuildFile; fileRef = 52EF97E32405E59D00B9E6BF /* iOSDropDown.swift */; };
/* End PBXBuildFile section */

/* Begin PBXFileReference section */
		471611B3237A1CF1001D5D63 /* ExpensesModel.swift */ = {isa = PBXFileReference; lastKnownFileType = sourcecode.swift; path = ExpensesModel.swift; sourceTree = "<group>"; };
		47BD6002237A43A900BE7C80 /* TableViewCell.swift */ = {isa = PBXFileReference; lastKnownFileType = sourcecode.swift; path = TableViewCell.swift; sourceTree = "<group>"; };
		47BD6003237A43A900BE7C80 /* TableViewCell.xib */ = {isa = PBXFileReference; lastKnownFileType = file.xib; path = TableViewCell.xib; sourceTree = "<group>"; };
		47EA8A31237912FC003EA7D9 /* United Way iOS.app */ = {isa = PBXFileReference; explicitFileType = wrapper.application; includeInIndex = 0; path = "United Way iOS.app"; sourceTree = BUILT_PRODUCTS_DIR; };
		47EA8A34237912FC003EA7D9 /* AppDelegate.swift */ = {isa = PBXFileReference; lastKnownFileType = sourcecode.swift; path = AppDelegate.swift; sourceTree = "<group>"; };
		47EA8A36237912FC003EA7D9 /* SceneDelegate.swift */ = {isa = PBXFileReference; lastKnownFileType = sourcecode.swift; path = SceneDelegate.swift; sourceTree = "<group>"; };
		47EA8A38237912FC003EA7D9 /* HBController.swift */ = {isa = PBXFileReference; lastKnownFileType = sourcecode.swift; path = HBController.swift; sourceTree = "<group>"; };
		47EA8A3B237912FC003EA7D9 /* Base */ = {isa = PBXFileReference; lastKnownFileType = file.storyboard; name = Base; path = Base.lproj/Main.storyboard; sourceTree = "<group>"; };
		47EA8A3D237912FC003EA7D9 /* Assets.xcassets */ = {isa = PBXFileReference; lastKnownFileType = folder.assetcatalog; path = Assets.xcassets; sourceTree = "<group>"; };
		47EA8A40237912FC003EA7D9 /* Base */ = {isa = PBXFileReference; lastKnownFileType = file.storyboard; name = Base; path = Base.lproj/LaunchScreen.storyboard; sourceTree = "<group>"; };
		47EA8A42237912FC003EA7D9 /* Info.plist */ = {isa = PBXFileReference; lastKnownFileType = text.plist.xml; path = Info.plist; sourceTree = "<group>"; };
		5239734E2450491400EBA0EB /* BenefitsTVCell.swift */ = {isa = PBXFileReference; lastKnownFileType = sourcecode.swift; path = BenefitsTVCell.swift; sourceTree = "<group>"; };
		523973502450496100EBA0EB /* BenefitsTVCell.xib */ = {isa = PBXFileReference; lastKnownFileType = file.xib; path = BenefitsTVCell.xib; sourceTree = "<group>"; };
		52417FA2245AB36400368B0A /* BenefitDetailController.swift */ = {isa = PBXFileReference; lastKnownFileType = sourcecode.swift; path = BenefitDetailController.swift; sourceTree = "<group>"; };
		524A24152446B7E700D1653B /* BenefitModel.swift */ = {isa = PBXFileReference; lastKnownFileType = sourcecode.swift; path = BenefitModel.swift; sourceTree = "<group>"; };
		524A241724480CE800D1653B /* BKController.swift */ = {isa = PBXFileReference; lastKnownFileType = sourcecode.swift; path = BKController.swift; sourceTree = "<group>"; };
		52589AC9240EF7B200B15881 /* UWButton.swift */ = {isa = PBXFileReference; explicitFileType = sourcecode.swift; path = UWButton.swift; sourceTree = "<group>"; };
		52EC8CAB2411DA87008ED795 /* BKControllerOld.swift */ = {isa = PBXFileReference; lastKnownFileType = sourcecode.swift; path = BKControllerOld.swift; sourceTree = "<group>"; };
		52EF97E32405E59D00B9E6BF /* iOSDropDown.swift */ = {isa = PBXFileReference; lastKnownFileType = sourcecode.swift; path = iOSDropDown.swift; sourceTree = "<group>"; };
/* End PBXFileReference section */

/* Begin PBXFrameworksBuildPhase section */
		47EA8A2E237912FB003EA7D9 /* Frameworks */ = {
			isa = PBXFrameworksBuildPhase;
			buildActionMask = 2147483647;
			files = (
				5239734B244AD9B100EBA0EB /* IQKeyboardManagerSwift in Frameworks */,
			);
			runOnlyForDeploymentPostprocessing = 0;
		};
/* End PBXFrameworksBuildPhase section */

/* Begin PBXGroup section */
		47EA8A28237912FB003EA7D9 = {
			isa = PBXGroup;
			children = (
				47EA8A33237912FC003EA7D9 /* United Way iOS */,
				47EA8A32237912FC003EA7D9 /* Products */,
			);
			sourceTree = "<group>";
		};
		47EA8A32237912FC003EA7D9 /* Products */ = {
			isa = PBXGroup;
			children = (
				47EA8A31237912FC003EA7D9 /* United Way iOS.app */,
			);
			name = Products;
			sourceTree = "<group>";
		};
		47EA8A33237912FC003EA7D9 /* United Way iOS */ = {
			isa = PBXGroup;
			children = (
				47EA8A34237912FC003EA7D9 /* AppDelegate.swift */,
				47EA8A36237912FC003EA7D9 /* SceneDelegate.swift */,
				47EA8A38237912FC003EA7D9 /* HBController.swift */,
				52EC8CAB2411DA87008ED795 /* BKControllerOld.swift */,
				524A241724480CE800D1653B /* BKController.swift */,
				52417FA2245AB36400368B0A /* BenefitDetailController.swift */,
				471611B3237A1CF1001D5D63 /* ExpensesModel.swift */,
				524A24152446B7E700D1653B /* BenefitModel.swift */,
				47EA8A3A237912FC003EA7D9 /* Main.storyboard */,
				47EA8A3D237912FC003EA7D9 /* Assets.xcassets */,
				47EA8A3F237912FC003EA7D9 /* LaunchScreen.storyboard */,
				47EA8A42237912FC003EA7D9 /* Info.plist */,
				47BD6002237A43A900BE7C80 /* TableViewCell.swift */,
				47BD6003237A43A900BE7C80 /* TableViewCell.xib */,
				5239734E2450491400EBA0EB /* BenefitsTVCell.swift */,
				523973502450496100EBA0EB /* BenefitsTVCell.xib */,
				52EF97E32405E59D00B9E6BF /* iOSDropDown.swift */,
				52589AC9240EF7B200B15881 /* UWButton.swift */,
			);
			path = "United Way iOS";
			sourceTree = "<group>";
		};
/* End PBXGroup section */

/* Begin PBXNativeTarget section */
		47EA8A30237912FB003EA7D9 /* United Way iOS */ = {
			isa = PBXNativeTarget;
			buildConfigurationList = 47EA8A45237912FC003EA7D9 /* Build configuration list for PBXNativeTarget "United Way iOS" */;
			buildPhases = (
				47EA8A2D237912FB003EA7D9 /* Sources */,
				47EA8A2E237912FB003EA7D9 /* Frameworks */,
				47EA8A2F237912FB003EA7D9 /* Resources */,
			);
			buildRules = (
			);
			dependencies = (
			);
			name = "United Way iOS";
			packageProductDependencies = (
				5239734A244AD9B100EBA0EB /* IQKeyboardManagerSwift */,
			);
			productName = "United Way Mobile Application";
			productReference = 47EA8A31237912FC003EA7D9 /* United Way iOS.app */;
			productType = "com.apple.product-type.application";
		};
/* End PBXNativeTarget section */

/* Begin PBXProject section */
		47EA8A29237912FB003EA7D9 /* Project object */ = {
			isa = PBXProject;
			attributes = {
				LastSwiftUpdateCheck = 1120;
				LastUpgradeCheck = 1120;
				ORGANIZATIONNAME = "United Way";
				TargetAttributes = {
					47EA8A30237912FB003EA7D9 = {
						CreatedOnToolsVersion = 11.2;
					};
				};
			};
			buildConfigurationList = 47EA8A2C237912FB003EA7D9 /* Build configuration list for PBXProject "United Way iOS" */;
			compatibilityVersion = "Xcode 11.0";
			developmentRegion = en;
			hasScannedForEncodings = 0;
			knownRegions = (
				en,
				Base,
			);
			mainGroup = 47EA8A28237912FB003EA7D9;
			packageReferences = (
				52397349244AD9B100EBA0EB /* XCRemoteSwiftPackageReference "IQKeyboardManager" */,
			);
			productRefGroup = 47EA8A32237912FC003EA7D9 /* Products */;
			projectDirPath = "";
			projectRoot = "";
			targets = (
				47EA8A30237912FB003EA7D9 /* United Way iOS */,
			);
		};
/* End PBXProject section */

/* Begin PBXResourcesBuildPhase section */
		47EA8A2F237912FB003EA7D9 /* Resources */ = {
			isa = PBXResourcesBuildPhase;
			buildActionMask = 2147483647;
			files = (
				47EA8A41237912FC003EA7D9 /* LaunchScreen.storyboard in Resources */,
				47BD6005237A43A900BE7C80 /* TableViewCell.xib in Resources */,
				47EA8A3E237912FC003EA7D9 /* Assets.xcassets in Resources */,
				523973512450496100EBA0EB /* BenefitsTVCell.xib in Resources */,
				47EA8A3C237912FC003EA7D9 /* Main.storyboard in Resources */,
			);
			runOnlyForDeploymentPostprocessing = 0;
		};
/* End PBXResourcesBuildPhase section */

/* Begin PBXSourcesBuildPhase section */
		47EA8A2D237912FB003EA7D9 /* Sources */ = {
			isa = PBXSourcesBuildPhase;
			buildActionMask = 2147483647;
			files = (
				52EF97E42405E59D00B9E6BF /* iOSDropDown.swift in Sources */,
				523DF53D2411D633006D6E01 /* UWButton.swift in Sources */,
				524A241824480CE800D1653B /* BKController.swift in Sources */,
				47BD6004237A43A900BE7C80 /* TableViewCell.swift in Sources */,
				52417FA3245AB36400368B0A /* BenefitDetailController.swift in Sources */,
				5239734F2450491400EBA0EB /* BenefitsTVCell.swift in Sources */,
				47EA8A39237912FC003EA7D9 /* HBController.swift in Sources */,
				47EA8A35237912FC003EA7D9 /* AppDelegate.swift in Sources */,
				471611B4237A1CF2001D5D63 /* ExpensesModel.swift in Sources */,
				52EC8CAC2411DA87008ED795 /* BKControllerOld.swift in Sources */,
				524A24162446B7E700D1653B /* BenefitModel.swift in Sources */,
				47EA8A37237912FC003EA7D9 /* SceneDelegate.swift in Sources */,
			);
			runOnlyForDeploymentPostprocessing = 0;
		};
/* End PBXSourcesBuildPhase section */

/* Begin PBXVariantGroup section */
		47EA8A3A237912FC003EA7D9 /* Main.storyboard */ = {
			isa = PBXVariantGroup;
			children = (
				47EA8A3B237912FC003EA7D9 /* Base */,
			);
			name = Main.storyboard;
			sourceTree = "<group>";
		};
		47EA8A3F237912FC003EA7D9 /* LaunchScreen.storyboard */ = {
			isa = PBXVariantGroup;
			children = (
				47EA8A40237912FC003EA7D9 /* Base */,
			);
			name = LaunchScreen.storyboard;
			sourceTree = "<group>";
		};
/* End PBXVariantGroup section */

/* Begin XCBuildConfiguration section */
		47EA8A43237912FC003EA7D9 /* Debug */ = {
			isa = XCBuildConfiguration;
			buildSettings = {
				ALWAYS_SEARCH_USER_PATHS = NO;
				CLANG_ANALYZER_NONNULL = YES;
				CLANG_ANALYZER_NUMBER_OBJECT_CONVERSION = YES_AGGRESSIVE;
				CLANG_CXX_LANGUAGE_STANDARD = "gnu++14";
				CLANG_CXX_LIBRARY = "libc++";
				CLANG_ENABLE_MODULES = YES;
				CLANG_ENABLE_OBJC_ARC = YES;
				CLANG_ENABLE_OBJC_WEAK = YES;
				CLANG_WARN_BLOCK_CAPTURE_AUTORELEASING = YES;
				CLANG_WARN_BOOL_CONVERSION = YES;
				CLANG_WARN_COMMA = YES;
				CLANG_WARN_CONSTANT_CONVERSION = YES;
				CLANG_WARN_DEPRECATED_OBJC_IMPLEMENTATIONS = YES;
				CLANG_WARN_DIRECT_OBJC_ISA_USAGE = YES_ERROR;
				CLANG_WARN_DOCUMENTATION_COMMENTS = YES;
				CLANG_WARN_EMPTY_BODY = YES;
				CLANG_WARN_ENUM_CONVERSION = YES;
				CLANG_WARN_INFINITE_RECURSION = YES;
				CLANG_WARN_INT_CONVERSION = YES;
				CLANG_WARN_NON_LITERAL_NULL_CONVERSION = YES;
				CLANG_WARN_OBJC_IMPLICIT_RETAIN_SELF = YES;
				CLANG_WARN_OBJC_LITERAL_CONVERSION = YES;
				CLANG_WARN_OBJC_ROOT_CLASS = YES_ERROR;
				CLANG_WARN_RANGE_LOOP_ANALYSIS = YES;
				CLANG_WARN_STRICT_PROTOTYPES = YES;
				CLANG_WARN_SUSPICIOUS_MOVE = YES;
				CLANG_WARN_UNGUARDED_AVAILABILITY = YES_AGGRESSIVE;
				CLANG_WARN_UNREACHABLE_CODE = YES;
				CLANG_WARN__DUPLICATE_METHOD_MATCH = YES;
				COPY_PHASE_STRIP = NO;
				DEBUG_INFORMATION_FORMAT = dwarf;
				ENABLE_STRICT_OBJC_MSGSEND = YES;
				ENABLE_TESTABILITY = YES;
				GCC_C_LANGUAGE_STANDARD = gnu11;
				GCC_DYNAMIC_NO_PIC = NO;
				GCC_NO_COMMON_BLOCKS = YES;
				GCC_OPTIMIZATION_LEVEL = 0;
				GCC_PREPROCESSOR_DEFINITIONS = (
					"DEBUG=1",
					"$(inherited)",
				);
				GCC_WARN_64_TO_32_BIT_CONVERSION = YES;
				GCC_WARN_ABOUT_RETURN_TYPE = YES_ERROR;
				GCC_WARN_UNDECLARED_SELECTOR = YES;
				GCC_WARN_UNINITIALIZED_AUTOS = YES_AGGRESSIVE;
				GCC_WARN_UNUSED_FUNCTION = YES;
				GCC_WARN_UNUSED_VARIABLE = YES;
				IPHONEOS_DEPLOYMENT_TARGET = 13.0;
				MTL_ENABLE_DEBUG_INFO = INCLUDE_SOURCE;
				MTL_FAST_MATH = YES;
				ONLY_ACTIVE_ARCH = NO;
				SDKROOT = iphoneos;
				SWIFT_ACTIVE_COMPILATION_CONDITIONS = DEBUG;
				SWIFT_OPTIMIZATION_LEVEL = "-Onone";
			};
			name = Debug;
		};
		47EA8A44237912FC003EA7D9 /* Release */ = {
			isa = XCBuildConfiguration;
			buildSettings = {
				ALWAYS_SEARCH_USER_PATHS = NO;
				CLANG_ANALYZER_NONNULL = YES;
				CLANG_ANALYZER_NUMBER_OBJECT_CONVERSION = YES_AGGRESSIVE;
				CLANG_CXX_LANGUAGE_STANDARD = "gnu++14";
				CLANG_CXX_LIBRARY = "libc++";
				CLANG_ENABLE_MODULES = YES;
				CLANG_ENABLE_OBJC_ARC = YES;
				CLANG_ENABLE_OBJC_WEAK = YES;
				CLANG_WARN_BLOCK_CAPTURE_AUTORELEASING = YES;
				CLANG_WARN_BOOL_CONVERSION = YES;
				CLANG_WARN_COMMA = YES;
				CLANG_WARN_CONSTANT_CONVERSION = YES;
				CLANG_WARN_DEPRECATED_OBJC_IMPLEMENTATIONS = YES;
				CLANG_WARN_DIRECT_OBJC_ISA_USAGE = YES_ERROR;
				CLANG_WARN_DOCUMENTATION_COMMENTS = YES;
				CLANG_WARN_EMPTY_BODY = YES;
				CLANG_WARN_ENUM_CONVERSION = YES;
				CLANG_WARN_INFINITE_RECURSION = YES;
				CLANG_WARN_INT_CONVERSION = YES;
				CLANG_WARN_NON_LITERAL_NULL_CONVERSION = YES;
				CLANG_WARN_OBJC_IMPLICIT_RETAIN_SELF = YES;
				CLANG_WARN_OBJC_LITERAL_CONVERSION = YES;
				CLANG_WARN_OBJC_ROOT_CLASS = YES_ERROR;
				CLANG_WARN_RANGE_LOOP_ANALYSIS = YES;
				CLANG_WARN_STRICT_PROTOTYPES = YES;
				CLANG_WARN_SUSPICIOUS_MOVE = YES;
				CLANG_WARN_UNGUARDED_AVAILABILITY = YES_AGGRESSIVE;
				CLANG_WARN_UNREACHABLE_CODE = YES;
				CLANG_WARN__DUPLICATE_METHOD_MATCH = YES;
				COPY_PHASE_STRIP = NO;
				DEBUG_INFORMATION_FORMAT = "dwarf-with-dsym";
				ENABLE_NS_ASSERTIONS = NO;
				ENABLE_STRICT_OBJC_MSGSEND = YES;
				GCC_C_LANGUAGE_STANDARD = gnu11;
				GCC_NO_COMMON_BLOCKS = YES;
				GCC_WARN_64_TO_32_BIT_CONVERSION = YES;
				GCC_WARN_ABOUT_RETURN_TYPE = YES_ERROR;
				GCC_WARN_UNDECLARED_SELECTOR = YES;
				GCC_WARN_UNINITIALIZED_AUTOS = YES_AGGRESSIVE;
				GCC_WARN_UNUSED_FUNCTION = YES;
				GCC_WARN_UNUSED_VARIABLE = YES;
				IPHONEOS_DEPLOYMENT_TARGET = 13.0;
				MTL_ENABLE_DEBUG_INFO = NO;
				MTL_FAST_MATH = YES;
				ONLY_ACTIVE_ARCH = NO;
				SDKROOT = iphoneos;
				SWIFT_COMPILATION_MODE = wholemodule;
				SWIFT_OPTIMIZATION_LEVEL = "-O";
				VALIDATE_PRODUCT = YES;
			};
			name = Release;
		};
		47EA8A46237912FC003EA7D9 /* Debug */ = {
			isa = XCBuildConfiguration;
			buildSettings = {
				ASSETCATALOG_COMPILER_APPICON_NAME = AppIcon;
				CODE_SIGN_IDENTITY = "Apple Development";
				CODE_SIGN_STYLE = Automatic;
				DEVELOPMENT_TEAM = 6W6HC74Q57;
				INFOPLIST_FILE = "$(SRCROOT)/United Way iOS/Info.plist";
				LD_RUNPATH_SEARCH_PATHS = (
					"$(inherited)",
					"@executable_path/Frameworks",
				);
				PRODUCT_BUNDLE_IDENTIFIER = com.unitedway.ios;
				PRODUCT_NAME = "United Way iOS";
				PROVISIONING_PROFILE_SPECIFIER = "";
				SWIFT_VERSION = 5.0;
				TARGETED_DEVICE_FAMILY = "1,2";
			};
			name = Debug;
		};
		47EA8A47237912FC003EA7D9 /* Release */ = {
			isa = XCBuildConfiguration;
			buildSettings = {
				ASSETCATALOG_COMPILER_APPICON_NAME = AppIcon;
				CODE_SIGN_STYLE = Automatic;
				DEVELOPMENT_TEAM = 6W6HC74Q57;
				INFOPLIST_FILE = "$(SRCROOT)/United Way iOS/Info.plist";
				LD_RUNPATH_SEARCH_PATHS = (
					"$(inherited)",
					"@executable_path/Frameworks",
				);
				PRODUCT_BUNDLE_IDENTIFIER = com.unitedway.ios;
				PRODUCT_NAME = "United Way iOS";
				SWIFT_VERSION = 5.0;
				TARGETED_DEVICE_FAMILY = "1,2";
			};
			name = Release;
		};
/* End XCBuildConfiguration section */

/* Begin XCConfigurationList section */
		47EA8A2C237912FB003EA7D9 /* Build configuration list for PBXProject "United Way iOS" */ = {
			isa = XCConfigurationList;
			buildConfigurations = (
				47EA8A43237912FC003EA7D9 /* Debug */,
				47EA8A44237912FC003EA7D9 /* Release */,
			);
			defaultConfigurationIsVisible = 0;
			defaultConfigurationName = Release;
		};
		47EA8A45237912FC003EA7D9 /* Build configuration list for PBXNativeTarget "United Way iOS" */ = {
			isa = XCConfigurationList;
			buildConfigurations = (
				47EA8A46237912FC003EA7D9 /* Debug */,
				47EA8A47237912FC003EA7D9 /* Release */,
			);
			defaultConfigurationIsVisible = 0;
			defaultConfigurationName = Release;
		};
/* End XCConfigurationList section */

/* Begin XCRemoteSwiftPackageReference section */
		52397349244AD9B100EBA0EB /* XCRemoteSwiftPackageReference "IQKeyboardManager" */ = {
			isa = XCRemoteSwiftPackageReference;
			repositoryURL = "https://github.com/hackiftekhar/IQKeyboardManager.git";
			requirement = {
				kind = upToNextMajorVersion;
				minimumVersion = 6.5.5;
			};
		};
/* End XCRemoteSwiftPackageReference section */

/* Begin XCSwiftPackageProductDependency section */
		5239734A244AD9B100EBA0EB /* IQKeyboardManagerSwift */ = {
			isa = XCSwiftPackageProductDependency;
			package = 52397349244AD9B100EBA0EB /* XCRemoteSwiftPackageReference "IQKeyboardManager" */;
			productName = IQKeyboardManagerSwift;
		};
/* End XCSwiftPackageProductDependency section */
	};
	rootObject = 47EA8A29237912FB003EA7D9 /* Project object */;
}
